
Microsoft Visual Studio Solution File, Format Version 12.00
# Visual Studio 15
VisualStudioVersion = 15.0.27130.2010
MinimumVisualStudioVersion = 10.0.40219.1
Project("{FAE04EC0-301F-11D3-BF4B-00C04F79EFBC}") = "Gerador de Updates", "Gerador de Updates\Gerador de Updates.csproj", "{3A158C54-5FD0-4336-852E-D910AC63D7FB}"
EndProject
Global
	GlobalSection(SolutionConfigurationPlatforms) = preSolution
		Debug|Any CPU = Debug|Any CPU
		Release|Any CPU = Release|Any CPU
	EndGlobalSection
	GlobalSection(ProjectConfigurationPlatforms) = postSolution
		{3A158C54-5FD0-4336-852E-D910AC63D7FB}.Debug|Any CPU.ActiveCfg = Debug|Any CPU
		{3A158C54-5FD0-4336-852E-D910AC63D7FB}.Debug|Any CPU.Build.0 = Debug|Any CPU
		{3A158C54-5FD0-4336-852E-D910AC63D7FB}.Release|Any CPU.ActiveCfg = Release|Any CPU
		{3A158C54-5FD0-4336-852E-D910AC63D7FB}.Release|Any CPU.Build.0 = Release|Any CPU
	EndGlobalSection
	GlobalSection(SolutionProperties) = preSolution
		HideSolutionNode = FALSE
	EndGlobalSection
	GlobalSection(ExtensibilityGlobals) = postSolution
		SolutionGuid = {1B99FBB2-E524-4045-90C6-B08C3DD1105A}
	EndGlobalSection
EndGlobal
